{
  "version": 4,
  "terraform_version": "0.12.24",
  "serial": 28,
  "lineage": "698b096e-e351-a7ed-dbd5-fac4c4179649",
  "outputs": {
    "ips": {
      "value": [],
      "type": [
        "tuple",
        []
      ]
    },
    "macs": {
      "value": [
        "52:54:00:76:53:8B"
      ],
      "type": [
        "tuple",
        [
          "string"
        ]
      ]
    }
  },
  "resources": [
    {
      "mode": "data",
      "type": "template_file",
      "name": "meta_data",
      "provider": "provider.template",
      "instances": [
        {
          "schema_version": 0,
          "attributes": {
            "filename": null,
            "id": "21338cdea1a9c3c09aa5c9fc9c58da352ddff8c517d417bafc818bc8b514f7fc",
            "rendered": "#for virtio nic ethX\n#for en100X nic ensX\nnetwork-interfaces: |\n  auto eth0\n  iface eth0 inet static\n  address 192.168.100.5\n  network 192.168.100.0\n  netmask 255.255.255.0\n  broadcast 192.168.100.255\n  gateway 192.168.100.1\n  dns-nameservers 192.168.100.1\n #bootcmd:\n#  - ifdown eth0\n#  - ifup eth0\n",
            "template": "#for virtio nic ethX\n#for en100X nic ensX\nnetwork-interfaces: |\n  auto ${iface}\n  iface ${iface} inet ${ipMode}\n  address ${hostIP}\n  network ${prefixIP}.0\n  netmask 255.255.255.0\n  broadcast ${prefixIP}.255\n  gateway ${gateway}\n  dns-nameservers ${dns}\n #bootcmd:\n#  - ifdown eth0\n#  - ifup eth0\n",
            "vars": {
              "dns": "192.168.100.1",
              "domain": "ocp4.hetzner.lab",
              "gateway": "192.168.100.1",
              "hostIP": "192.168.100.5",
              "iface": "eth0",
              "ipMode": "static",
              "prefixIP": "192.168.100"
            }
          }
        }
      ]
    },
    {
      "mode": "data",
      "type": "template_file",
      "name": "user_data",
      "provider": "provider.template",
      "instances": [
        {
          "schema_version": 0,
          "attributes": {
            "filename": null,
            "id": "b110145c45371b2165ae6e431e7a1e5c5e3ab1b5d16ab22d3418d5fbc8059974",
            "rendered": "#cloud-config\nhostname: loadbalancer.ocp4.hetzner.lab\nfqdn: loadbalancer.ocp4.hetzner.lab\nmanage_etc_hosts: true\nusers:\n  - name: ocpinstall\n    sudo: ALL=(ALL) NOPASSWD:ALL\n    groups: users, admin\n    home: /home/ocpinstall\n    shell: /bin/bash\n    lock_passwd: false\n    ssh-authorized-keys:\n      - ssh-rsa AAAAB3NzaC1yc2EAAAADAQABAAACAQC1Ezbg7rteKakymJLl2a5G8g6ye1tibLCPFoKlPxx7/5i15oPyLREgtZweT655VT+jnOeJyYAm8Zc5phN9fOTLNIZCpNM0lUMxGhjavjk0qA3Rtdfb1OFWw+aMq8OxhH7q2Lv4byty88uaRk1BVycawNPfYilGjx4oGZNZHFoOr2u68gWYHqcmAQ2R685ZyiQQgrAmndZufxpczhm+iKibXvyRmuENIEefjJOnXc83TYCicdrH6d4V2yo38Jl/ABUV/6cIK8aljL45V/TgFsb+kUYeKxUbcNaBEJEbMAYXbgdTu7seZG75qaDYhRN8Yw7lb2PWRuUA5LRzARRJUUl+PgLJ005jMjvzYRppQ3YmT1+iReH28/s4vHlRze+FmQ8Lac2LDmrjnIrrQJZfkxZbHHq9w3+hmnXjBUlSpduyaZbwcZ0w3axcM5TB1J0bHxdCYjoqit+yayiPVtRPfb5AqFQacCsXPNYSYM3XaL/3ep48BJr+O0bg0HFM5yIWvPFieiXFX8OUIS1TmvghYLLTWTx2S1GU88FFvGKNRJMx/MZ94lFAwTAsOwRCbmwGi/NmqJlSgNGQqkLOsdab6szH2mbChdc3I4HWzgyQsA8QNRu2d3qsE90lFxm0X19auJBYabDtFreCPZZU6ihUhj2oiwdY1pII3DUty8xhx/Vf0Q== \n\n# only cert auth via ssh (console access can still login)\nssh_pwauth: false\ndisable_root: false\nchpasswd:\n  list: |\n     ocpinstall:redhat\n  expire: False\npackages:\n    - qemu-guest-agent\n# every boot\nbootcmd:\n    - [ sh, -c, 'echo $(date) | sudo tee -a /root/bootcmd.log' ]\n# run once for setup\nruncmd:\n    - [ sh, -c, 'echo $(date) | sudo tee -a /root/runcmd.log' ]\n# written to /var/log/cloud-init-output.log\nfinal_message: \"The system is finall up, after $UPTIME seconds\"\n\n",
            "template": "#cloud-config\nhostname: ${hostname}\nfqdn: ${fqdn}\nmanage_etc_hosts: true\nusers:\n  - name: ocpinstall\n    sudo: ALL=(ALL) NOPASSWD:ALL\n    groups: users, admin\n    home: /home/ocpinstall\n    shell: /bin/bash\n    lock_passwd: false\n    ssh-authorized-keys:\n      - ${file(\"../../id_rsa.pub\")}\n# only cert auth via ssh (console access can still login)\nssh_pwauth: false\ndisable_root: false\nchpasswd:\n  list: |\n     ocpinstall:redhat\n  expire: False\npackages:\n    - qemu-guest-agent\n# every boot\nbootcmd:\n    - [ sh, -c, 'echo $(date) | sudo tee -a /root/bootcmd.log' ]\n# run once for setup\nruncmd:\n    - [ sh, -c, 'echo $(date) | sudo tee -a /root/runcmd.log' ]\n# written to /var/log/cloud-init-output.log\nfinal_message: \"The system is finall up, after $UPTIME seconds\"\n\n",
            "vars": {
              "fqdn": "loadbalancer.ocp4.hetzner.lab",
              "hostname": "loadbalancer.ocp4.hetzner.lab"
            }
          }
        }
      ]
    },
    {
      "mode": "managed",
      "type": "libvirt_cloudinit_disk",
      "name": "commoninit",
      "provider": "provider.libvirt",
      "instances": [
        {
          "schema_version": 0,
          "attributes": {
            "id": "/var/lib/libvirt/images/loadbalancer-commoninit-192.168.100.5.iso;5e89d7f4-b307-c923-0ca2-c34801728fb1",
            "meta_data": "#for virtio nic ethX\n#for en100X nic ensX\nnetwork-interfaces: |\n  auto eth0\n  iface eth0 inet static\n  address 192.168.100.5\n  network 192.168.100.0\n  netmask 255.255.255.0\n  broadcast 192.168.100.255\n  gateway 192.168.100.1\n  dns-nameservers 192.168.100.1\n #bootcmd:\n#  - ifdown eth0\n#  - ifup eth0\n",
            "name": "loadbalancer-commoninit-192.168.100.5.iso",
            "network_config": "",
            "pool": "default",
            "user_data": "#cloud-config\nhostname: loadbalancer.ocp4.hetzner.lab\nfqdn: loadbalancer.ocp4.hetzner.lab\nmanage_etc_hosts: true\nusers:\n  - name: ocpinstall\n    sudo: ALL=(ALL) NOPASSWD:ALL\n    groups: users, admin\n    home: /home/ocpinstall\n    shell: /bin/bash\n    lock_passwd: false\n    ssh-authorized-keys:\n      - ssh-rsa AAAAB3NzaC1yc2EAAAADAQABAAACAQC1Ezbg7rteKakymJLl2a5G8g6ye1tibLCPFoKlPxx7/5i15oPyLREgtZweT655VT+jnOeJyYAm8Zc5phN9fOTLNIZCpNM0lUMxGhjavjk0qA3Rtdfb1OFWw+aMq8OxhH7q2Lv4byty88uaRk1BVycawNPfYilGjx4oGZNZHFoOr2u68gWYHqcmAQ2R685ZyiQQgrAmndZufxpczhm+iKibXvyRmuENIEefjJOnXc83TYCicdrH6d4V2yo38Jl/ABUV/6cIK8aljL45V/TgFsb+kUYeKxUbcNaBEJEbMAYXbgdTu7seZG75qaDYhRN8Yw7lb2PWRuUA5LRzARRJUUl+PgLJ005jMjvzYRppQ3YmT1+iReH28/s4vHlRze+FmQ8Lac2LDmrjnIrrQJZfkxZbHHq9w3+hmnXjBUlSpduyaZbwcZ0w3axcM5TB1J0bHxdCYjoqit+yayiPVtRPfb5AqFQacCsXPNYSYM3XaL/3ep48BJr+O0bg0HFM5yIWvPFieiXFX8OUIS1TmvghYLLTWTx2S1GU88FFvGKNRJMx/MZ94lFAwTAsOwRCbmwGi/NmqJlSgNGQqkLOsdab6szH2mbChdc3I4HWzgyQsA8QNRu2d3qsE90lFxm0X19auJBYabDtFreCPZZU6ihUhj2oiwdY1pII3DUty8xhx/Vf0Q== \n\n# only cert auth via ssh (console access can still login)\nssh_pwauth: false\ndisable_root: false\nchpasswd:\n  list: |\n     ocpinstall:redhat\n  expire: False\npackages:\n    - qemu-guest-agent\n# every boot\nbootcmd:\n    - [ sh, -c, 'echo $(date) | sudo tee -a /root/bootcmd.log' ]\n# run once for setup\nruncmd:\n    - [ sh, -c, 'echo $(date) | sudo tee -a /root/runcmd.log' ]\n# written to /var/log/cloud-init-output.log\nfinal_message: \"The system is finall up, after $UPTIME seconds\"\n\n"
          },
          "private": "bnVsbA=="
        }
      ]
    },
    {
      "mode": "managed",
      "type": "libvirt_domain",
      "name": "infra-machine",
      "provider": "provider.libvirt",
      "instances": [
        {
          "schema_version": 0,
          "attributes": {
            "arch": "x86_64",
            "autostart": false,
            "boot_device": [],
            "cloudinit": "/var/lib/libvirt/images/loadbalancer-commoninit-192.168.100.5.iso;5e89d7f4-b307-c923-0ca2-c34801728fb1",
            "cmdline": null,
            "console": [
              {
                "source_host": "127.0.0.1",
                "source_path": "",
                "source_service": "0",
                "target_port": "0",
                "target_type": "serial",
                "type": "pty"
              }
            ],
            "coreos_ignition": null,
            "cpu": null,
            "description": "",
            "disk": [
              {
                "block_device": "",
                "file": "",
                "scsi": false,
                "url": "",
                "volume_id": "/var/lib/libvirt/images/loadbalancer-os_image",
                "wwn": ""
              }
            ],
            "emulator": "/usr/libexec/qemu-kvm",
            "filesystem": [],
            "firmware": "",
            "fw_cfg_name": "opt/com.coreos/config",
            "graphics": [
              {
                "autoport": true,
                "listen_address": "127.0.0.1",
                "listen_type": "address",
                "type": "spice"
              }
            ],
            "id": "85c19be6-c008-4f29-81a7-8ef920a0e3c9",
            "initrd": "",
            "kernel": "",
            "machine": "pc",
            "memory": 2048,
            "metadata": null,
            "name": "loadbalancer-192.168.100.5",
            "network_interface": [
              {
                "addresses": [],
                "bridge": "",
                "hostname": "",
                "mac": "52:54:00:76:53:8B",
                "macvtap": "",
                "network_id": "e953162a-8418-4402-b6dd-e2553b46c4f9",
                "network_name": "ocp_auto",
                "passthrough": "",
                "vepa": "",
                "wait_for_lease": false
              }
            ],
            "nvram": [],
            "qemu_agent": false,
            "running": true,
            "timeouts": null,
            "vcpu": 1,
            "video": [],
            "xml": []
          },
          "private": "eyJlMmJmYjczMC1lY2FhLTExZTYtOGY4OC0zNDM2M2JjN2M0YzAiOnsiY3JlYXRlIjozMDAwMDAwMDAwMDB9fQ==",
          "dependencies": [
            "libvirt_cloudinit_disk.commoninit",
            "libvirt_volume.os_image"
          ]
        }
      ]
    },
    {
      "mode": "managed",
      "type": "libvirt_volume",
      "name": "os_image",
      "provider": "provider.libvirt",
      "instances": [
        {
          "schema_version": 0,
          "attributes": {
            "base_volume_id": null,
            "base_volume_name": null,
            "base_volume_pool": null,
            "format": "qcow2",
            "id": "/var/lib/libvirt/images/loadbalancer-os_image",
            "name": "loadbalancer-os_image",
            "pool": "default",
            "size": 10737418240,
            "source": "https://cloud.centos.org/centos/8/x86_64/images/CentOS-8-GenericCloud-8.1.1911-20200113.3.x86_64.qcow2",
            "xml": []
          },
          "private": "bnVsbA=="
        }
      ]
    }
  ]
}
