{
  "version": 4,
  "terraform_version": "0.12.24",
  "serial": 529,
  "lineage": "2ece9908-6f8e-d4b4-3f5c-fa72990da7e7",
  "outputs": {
    "ips": {
      "value": [],
      "type": [
        "tuple",
        []
      ]
    },
    "macs": {
      "value": [
        "52:54:00:A2:FB:F1"
      ],
      "type": [
        "tuple",
        [
          "string"
        ]
      ]
    }
  },
  "resources": [
    {
      "mode": "data",
      "type": "template_file",
      "name": "meta_data",
      "provider": "provider.template",
      "instances": [
        {
          "schema_version": 0,
          "attributes": {
            "filename": null,
            "id": "b932dd3fcb88f67deeb1692c286ae589c636d9a42de8c9d7205c8ac572583679",
            "rendered": "#for virtio nic ethX\n#for en100X nic ensX\nnetwork-interfaces: |\n  auto eth0\n  iface eth0 inet static\n  address 192.168.100.4\n  network 192.168.100.0\n  netmask 255.255.255.0\n  broadcast 192.168.100.255\n  gateway 192.168.100.1\n  dns-nameservers 192.168.100.1\n #bootcmd:\n#  - ifdown eth0\n#  - ifup eth0\n",
            "template": "#for virtio nic ethX\n#for en100X nic ensX\nnetwork-interfaces: |\n  auto ${iface}\n  iface ${iface} inet ${ipMode}\n  address ${hostIP}\n  network ${prefixIP}.0\n  netmask 255.255.255.0\n  broadcast ${prefixIP}.255\n  gateway ${gateway}\n  dns-nameservers ${dns}\n #bootcmd:\n#  - ifdown eth0\n#  - ifup eth0\n",
            "vars": {
              "dns": "192.168.100.1",
              "domain": "ocp4.hetzner.lab",
              "gateway": "192.168.100.1",
              "hostIP": "192.168.100.4",
              "iface": "eth0",
              "ipMode": "static",
              "prefixIP": "192.168.100"
            }
          }
        }
      ]
    },
    {
      "mode": "data",
      "type": "template_file",
      "name": "user_data",
      "provider": "provider.template",
      "instances": [
        {
          "schema_version": 0,
          "attributes": {
            "filename": null,
            "id": "b4180d884088414dc61f40051822339a7e0542b6b98041c021f64af7714b10d6",
            "rendered": "#cloud-config\nhostname: bastion.ocp4.hetzner.lab\nfqdn: bastion.ocp4.hetzner.lab\nmanage_etc_hosts: true\nusers:\n  - name: ocpinstall\n    sudo: ALL=(ALL) NOPASSWD:ALL\n    groups: users, admin\n    home: /home/ocpinstall\n    shell: /bin/bash\n    lock_passwd: false\n    ssh-authorized-keys:\n      - ssh-rsa AAAAB3NzaC1yc2EAAAADAQABAAACAQDYUOh4b3uNCKK74LHcphlygLZp01+4X67tqlXw//nRxmK07/U89fei/28gCv8PDhUmL+4/5RBuGLbHGPeL8lzl2nSIjzlXaWSX+MCSBreiAbTK3Gfqc1KNNbx1O7Moml6P1SD6lETsqGbudIZ9bBB3va8g0nkY1yH+t8FbbQ9SeeAxiPZKwg/g9rWbOVJ/lPoe1I7NVk4nPfRdr02WcSHa5o1IhAgFtiNhxNjBAqfvl1HlVahufYorvgJEVMW53cBkZ/M54cT/eQ09cm1e0UgYyWKipuSNZwkBB38yXv4/aY6632dxcqAHyFRX3CF0MwSl/aH92gavG//6UvPDOuGN8Y2A2wSwjBxhFDMsjeW9BEJnpjVFgjOBaeIHb0I45lWtnmafMPb+06zPv6PSrFFnTFQ7s0LjnqvV7nyM1W8j1xirvoOE+sDgM7qoeGCZsqRzQGQK3hnePZ5vw5CqH/TctzXmdjGxBxkhoCjr4zLJYzvGsnlIvpwHUGyUh0XCQQ4i3rCY55CTKt18aTvofznmNceCJ9Ole6PFy5FrmAbpvjcXMYzfnmf3xHWwznNlFmXxPRxl2ZIExE8LwfqQCwektyRp6EWsWzoPzbz2AzOgJrNcJFnyhZy+S05lF8eno+r81UQMBovNdmGxRv1Il4cu2y0E4CBzY2t9+sDrOCiD3Q== \n\n# only cert auth via ssh (console access can still login)\nssh_pwauth: false\ndisable_root: false\nchpasswd:\n  list: |\n     ocpinstall:redhat\n  expire: False\npackages:\n    - qemu-guest-agent\n# every boot\nbootcmd:\n    - [ sh, -c, 'echo $(date) | sudo tee -a /root/bootcmd.log' ]\n# run once for setup\nruncmd:\n    - [ sh, -c, 'echo $(date) | sudo tee -a /root/runcmd.log' ]\n# written to /var/log/cloud-init-output.log\nfinal_message: \"The system is finall up, after $UPTIME seconds\"\n\n",
            "template": "#cloud-config\nhostname: ${hostname}\nfqdn: ${fqdn}\nmanage_etc_hosts: true\nusers:\n  - name: ocpinstall\n    sudo: ALL=(ALL) NOPASSWD:ALL\n    groups: users, admin\n    home: /home/ocpinstall\n    shell: /bin/bash\n    lock_passwd: false\n    ssh-authorized-keys:\n      - ${file(\"../id_rsa.pub\")}\n# only cert auth via ssh (console access can still login)\nssh_pwauth: false\ndisable_root: false\nchpasswd:\n  list: |\n     ocpinstall:redhat\n  expire: False\npackages:\n    - qemu-guest-agent\n# every boot\nbootcmd:\n    - [ sh, -c, 'echo $(date) | sudo tee -a /root/bootcmd.log' ]\n# run once for setup\nruncmd:\n    - [ sh, -c, 'echo $(date) | sudo tee -a /root/runcmd.log' ]\n# written to /var/log/cloud-init-output.log\nfinal_message: \"The system is finall up, after $UPTIME seconds\"\n\n",
            "vars": {
              "fqdn": "bastion.ocp4.hetzner.lab",
              "hostname": "bastion.ocp4.hetzner.lab"
            }
          }
        }
      ]
    },
    {
      "mode": "managed",
      "type": "libvirt_cloudinit_disk",
      "name": "commoninit",
      "provider": "provider.libvirt",
      "instances": [
        {
          "schema_version": 0,
          "attributes": {
            "id": "/var/lib/libvirt/images/bastion-commoninit-192.168.100.4.iso;5e82f934-2e2a-6128-a7b9-52a1670a5611",
            "meta_data": "#for virtio nic ethX\n#for en100X nic ensX\nnetwork-interfaces: |\n  auto eth0\n  iface eth0 inet static\n  address 192.168.100.4\n  network 192.168.100.0\n  netmask 255.255.255.0\n  broadcast 192.168.100.255\n  gateway 192.168.100.1\n  dns-nameservers 192.168.100.1\n #bootcmd:\n#  - ifdown eth0\n#  - ifup eth0\n",
            "name": "bastion-commoninit-192.168.100.4.iso",
            "network_config": "",
            "pool": "default",
            "user_data": "#cloud-config\nhostname: bastion.ocp4.hetzner.lab\nfqdn: bastion.ocp4.hetzner.lab\nmanage_etc_hosts: true\nusers:\n  - name: ocpinstall\n    sudo: ALL=(ALL) NOPASSWD:ALL\n    groups: users, admin\n    home: /home/ocpinstall\n    shell: /bin/bash\n    lock_passwd: false\n    ssh-authorized-keys:\n      - ssh-rsa AAAAB3NzaC1yc2EAAAADAQABAAACAQDYUOh4b3uNCKK74LHcphlygLZp01+4X67tqlXw//nRxmK07/U89fei/28gCv8PDhUmL+4/5RBuGLbHGPeL8lzl2nSIjzlXaWSX+MCSBreiAbTK3Gfqc1KNNbx1O7Moml6P1SD6lETsqGbudIZ9bBB3va8g0nkY1yH+t8FbbQ9SeeAxiPZKwg/g9rWbOVJ/lPoe1I7NVk4nPfRdr02WcSHa5o1IhAgFtiNhxNjBAqfvl1HlVahufYorvgJEVMW53cBkZ/M54cT/eQ09cm1e0UgYyWKipuSNZwkBB38yXv4/aY6632dxcqAHyFRX3CF0MwSl/aH92gavG//6UvPDOuGN8Y2A2wSwjBxhFDMsjeW9BEJnpjVFgjOBaeIHb0I45lWtnmafMPb+06zPv6PSrFFnTFQ7s0LjnqvV7nyM1W8j1xirvoOE+sDgM7qoeGCZsqRzQGQK3hnePZ5vw5CqH/TctzXmdjGxBxkhoCjr4zLJYzvGsnlIvpwHUGyUh0XCQQ4i3rCY55CTKt18aTvofznmNceCJ9Ole6PFy5FrmAbpvjcXMYzfnmf3xHWwznNlFmXxPRxl2ZIExE8LwfqQCwektyRp6EWsWzoPzbz2AzOgJrNcJFnyhZy+S05lF8eno+r81UQMBovNdmGxRv1Il4cu2y0E4CBzY2t9+sDrOCiD3Q== \n\n# only cert auth via ssh (console access can still login)\nssh_pwauth: false\ndisable_root: false\nchpasswd:\n  list: |\n     ocpinstall:redhat\n  expire: False\npackages:\n    - qemu-guest-agent\n# every boot\nbootcmd:\n    - [ sh, -c, 'echo $(date) | sudo tee -a /root/bootcmd.log' ]\n# run once for setup\nruncmd:\n    - [ sh, -c, 'echo $(date) | sudo tee -a /root/runcmd.log' ]\n# written to /var/log/cloud-init-output.log\nfinal_message: \"The system is finall up, after $UPTIME seconds\"\n\n"
          },
          "private": "bnVsbA=="
        }
      ]
    },
    {
      "mode": "managed",
      "type": "libvirt_domain",
      "name": "bastion",
      "provider": "provider.libvirt",
      "instances": [
        {
          "schema_version": 0,
          "attributes": {
            "arch": "x86_64",
            "autostart": false,
            "boot_device": [],
            "cloudinit": "/var/lib/libvirt/images/bastion-commoninit-192.168.100.4.iso;5e82f934-2e2a-6128-a7b9-52a1670a5611",
            "cmdline": null,
            "console": [
              {
                "source_host": "127.0.0.1",
                "source_path": "",
                "source_service": "0",
                "target_port": "0",
                "target_type": "serial",
                "type": "pty"
              }
            ],
            "coreos_ignition": null,
            "cpu": null,
            "description": "",
            "disk": [
              {
                "block_device": "",
                "file": "",
                "scsi": false,
                "url": "",
                "volume_id": "/var/lib/libvirt/images/bastion-os_image",
                "wwn": ""
              }
            ],
            "emulator": "/usr/bin/qemu-system-x86_64",
            "filesystem": [],
            "firmware": "",
            "fw_cfg_name": "opt/com.coreos/config",
            "graphics": [
              {
                "autoport": true,
                "listen_address": "127.0.0.1",
                "listen_type": "address",
                "type": "spice"
              }
            ],
            "id": "60e98560-3531-4e1e-b523-2a9d216adb45",
            "initrd": "",
            "kernel": "",
            "machine": "pc",
            "memory": 2048,
            "metadata": null,
            "name": "bastion-192.168.100.4",
            "network_interface": [
              {
                "addresses": [],
                "bridge": "",
                "hostname": "",
                "mac": "52:54:00:A2:FB:F1",
                "macvtap": "",
                "network_id": "1f0e86b1-b28e-4ab9-8fe5-de1d433124d9",
                "network_name": "ocp_auto",
                "passthrough": "",
                "vepa": "",
                "wait_for_lease": false
              }
            ],
            "nvram": [],
            "qemu_agent": false,
            "running": true,
            "timeouts": null,
            "vcpu": 2,
            "video": [],
            "xml": []
          },
          "private": "eyJlMmJmYjczMC1lY2FhLTExZTYtOGY4OC0zNDM2M2JjN2M0YzAiOnsiY3JlYXRlIjozMDAwMDAwMDAwMDB9fQ==",
          "dependencies": [
            "libvirt_cloudinit_disk.commoninit",
            "libvirt_volume.os_image"
          ]
        }
      ]
    },
    {
      "mode": "managed",
      "type": "libvirt_volume",
      "name": "os_image",
      "provider": "provider.libvirt",
      "instances": [
        {
          "schema_version": 0,
          "attributes": {
            "base_volume_id": null,
            "base_volume_name": null,
            "base_volume_pool": null,
            "format": "qcow2",
            "id": "/var/lib/libvirt/images/bastion-os_image",
            "name": "bastion-os_image",
            "pool": "default",
            "size": 10737418240,
            "source": "/home/alex/test/CentOS-8-GenericCloud-8.1.1911-20200113.3.x86_64.qcow2",
            "xml": []
          },
          "private": "bnVsbA=="
        }
      ]
    }
  ]
}
