{
  "version": 4,
  "terraform_version": "0.12.24",
  "serial": 556,
  "lineage": "2ece9908-6f8e-d4b4-3f5c-fa72990da7e7",
  "outputs": {
    "ips": {
      "value": [],
      "type": [
        "tuple",
        []
      ]
    },
    "macs": {
      "value": [
        "52:54:00:26:9B:EB"
      ],
      "type": [
        "tuple",
        [
          "string"
        ]
      ]
    }
  },
  "resources": [
    {
      "mode": "data",
      "type": "template_file",
      "name": "meta_data",
      "provider": "provider.template",
      "instances": [
        {
          "schema_version": 0,
          "attributes": {
            "filename": null,
            "id": "21338cdea1a9c3c09aa5c9fc9c58da352ddff8c517d417bafc818bc8b514f7fc",
            "rendered": "#for virtio nic ethX\n#for en100X nic ensX\nnetwork-interfaces: |\n  auto eth0\n  iface eth0 inet static\n  address 192.168.100.5\n  network 192.168.100.0\n  netmask 255.255.255.0\n  broadcast 192.168.100.255\n  gateway 192.168.100.1\n  dns-nameservers 192.168.100.1\n #bootcmd:\n#  - ifdown eth0\n#  - ifup eth0\n",
            "template": "#for virtio nic ethX\n#for en100X nic ensX\nnetwork-interfaces: |\n  auto ${iface}\n  iface ${iface} inet ${ipMode}\n  address ${hostIP}\n  network ${prefixIP}.0\n  netmask 255.255.255.0\n  broadcast ${prefixIP}.255\n  gateway ${gateway}\n  dns-nameservers ${dns}\n #bootcmd:\n#  - ifdown eth0\n#  - ifup eth0\n",
            "vars": {
              "dns": "192.168.100.1",
              "domain": "ocp4.hetzner.lab",
              "gateway": "192.168.100.1",
              "hostIP": "192.168.100.5",
              "iface": "eth0",
              "ipMode": "static",
              "prefixIP": "192.168.100"
            }
          }
        }
      ]
    },
    {
      "mode": "data",
      "type": "template_file",
      "name": "user_data",
      "provider": "provider.template",
      "instances": [
        {
          "schema_version": 0,
          "attributes": {
            "filename": null,
            "id": "03d7dac2f45102dc4bc1a0e2c00c200f5ddba753b7be584353ab4e2afe0ed22e",
            "rendered": "#cloud-config\nhostname: loadbalancer.ocp4.hetzner.lab\nfqdn: loadbalancer.ocp4.hetzner.lab\nmanage_etc_hosts: true\nusers:\n  - name: ocpinstall\n    sudo: ALL=(ALL) NOPASSWD:ALL\n    groups: users, admin\n    home: /home/ocpinstall\n    shell: /bin/bash\n    lock_passwd: false\n    ssh-authorized-keys:\n      - ssh-rsa AAAAB3NzaC1yc2EAAAADAQABAAACAQCmv1EPw4WRRqyW8pQQqSyljr1BhewzC6gcfvVc6Jo8duk4RNANYsF7DVGhxolGitmd5phUnbpaviSO24pUaeF198c9DrArmZ60LQc2wWZJu9SY3ljC4ISN2P6LpZU0Z/P8qC7ifhrSDYJmYdRhUjavAPxZXn1j6FvHCafAw78KxKUg+S8mRL41enN306K3O5yRYd0yuvIFaq+vYm+9woaWR9iam65nqXhWdj5OXV95x5nWdv+m6FtNhP8eM9SRIl4/t7cE7i4dfVAu/eL6Ja23vQ1Yx+ft1IXR39aJHux6Mn3slir+e6bnQYcC1vlMcbCPW/NYGYTxJqQuG1WyLIyJTL/3VMvAmlq/sKxwZAxc81G4AqJBNrboMWuNPRG5bNsKLIt/RMpjlzz7zjSzkh08Ckr+HyZSQXsW3CPZJR4jpkoasxP6MTxOIQAbYtLPtlgmQaS0yiq7sWkU1bIxifAkU+5EKFKmoNp2ee3DQPIvxIIuHj/wRamzaZHztMpGYjhRB+YPE9tCcGL8YOpjsMZCeifNMkhktOSC+8W9eO5C6KOl0WkoprfzopmMY04hAKcwV6iv5l1WC6fV02kKNtnnx47VKxygLIm3mU6Hfei5O8MmMfE5H+n0BBz6PPmqU3k0arK2JQQMBbyY6cuMKqGBMy+ZKxcVwOZv28XJnM/Tvw== \n\n# only cert auth via ssh (console access can still login)\nssh_pwauth: false\ndisable_root: false\nchpasswd:\n  list: |\n     ocpinstall:redhat\n  expire: False\npackages:\n    - qemu-guest-agent\n# every boot\nbootcmd:\n    - [ sh, -c, 'echo $(date) | sudo tee -a /root/bootcmd.log' ]\n# run once for setup\nruncmd:\n    - [ sh, -c, 'echo $(date) | sudo tee -a /root/runcmd.log' ]\n# written to /var/log/cloud-init-output.log\nfinal_message: \"The system is finall up, after $UPTIME seconds\"\n\n",
            "template": "#cloud-config\nhostname: ${hostname}\nfqdn: ${fqdn}\nmanage_etc_hosts: true\nusers:\n  - name: ocpinstall\n    sudo: ALL=(ALL) NOPASSWD:ALL\n    groups: users, admin\n    home: /home/ocpinstall\n    shell: /bin/bash\n    lock_passwd: false\n    ssh-authorized-keys:\n      - ${file(\"../id_rsa.pub\")}\n# only cert auth via ssh (console access can still login)\nssh_pwauth: false\ndisable_root: false\nchpasswd:\n  list: |\n     ocpinstall:redhat\n  expire: False\npackages:\n    - qemu-guest-agent\n# every boot\nbootcmd:\n    - [ sh, -c, 'echo $(date) | sudo tee -a /root/bootcmd.log' ]\n# run once for setup\nruncmd:\n    - [ sh, -c, 'echo $(date) | sudo tee -a /root/runcmd.log' ]\n# written to /var/log/cloud-init-output.log\nfinal_message: \"The system is finall up, after $UPTIME seconds\"\n\n",
            "vars": {
              "fqdn": "loadbalancer.ocp4.hetzner.lab",
              "hostname": "loadbalancer.ocp4.hetzner.lab"
            }
          }
        }
      ]
    },
    {
      "mode": "managed",
      "type": "libvirt_cloudinit_disk",
      "name": "commoninit",
      "provider": "provider.libvirt",
      "instances": [
        {
          "schema_version": 0,
          "attributes": {
            "id": "/var/lib/libvirt/images/loadbalancer-commoninit-192.168.100.5.iso;5e83af63-d5be-ce95-9e4f-e247d8eb81eb",
            "meta_data": "#for virtio nic ethX\n#for en100X nic ensX\nnetwork-interfaces: |\n  auto eth0\n  iface eth0 inet static\n  address 192.168.100.5\n  network 192.168.100.0\n  netmask 255.255.255.0\n  broadcast 192.168.100.255\n  gateway 192.168.100.1\n  dns-nameservers 192.168.100.1\n #bootcmd:\n#  - ifdown eth0\n#  - ifup eth0\n",
            "name": "loadbalancer-commoninit-192.168.100.5.iso",
            "network_config": "",
            "pool": "default",
            "user_data": "#cloud-config\nhostname: loadbalancer.ocp4.hetzner.lab\nfqdn: loadbalancer.ocp4.hetzner.lab\nmanage_etc_hosts: true\nusers:\n  - name: ocpinstall\n    sudo: ALL=(ALL) NOPASSWD:ALL\n    groups: users, admin\n    home: /home/ocpinstall\n    shell: /bin/bash\n    lock_passwd: false\n    ssh-authorized-keys:\n      - ssh-rsa AAAAB3NzaC1yc2EAAAADAQABAAACAQCmv1EPw4WRRqyW8pQQqSyljr1BhewzC6gcfvVc6Jo8duk4RNANYsF7DVGhxolGitmd5phUnbpaviSO24pUaeF198c9DrArmZ60LQc2wWZJu9SY3ljC4ISN2P6LpZU0Z/P8qC7ifhrSDYJmYdRhUjavAPxZXn1j6FvHCafAw78KxKUg+S8mRL41enN306K3O5yRYd0yuvIFaq+vYm+9woaWR9iam65nqXhWdj5OXV95x5nWdv+m6FtNhP8eM9SRIl4/t7cE7i4dfVAu/eL6Ja23vQ1Yx+ft1IXR39aJHux6Mn3slir+e6bnQYcC1vlMcbCPW/NYGYTxJqQuG1WyLIyJTL/3VMvAmlq/sKxwZAxc81G4AqJBNrboMWuNPRG5bNsKLIt/RMpjlzz7zjSzkh08Ckr+HyZSQXsW3CPZJR4jpkoasxP6MTxOIQAbYtLPtlgmQaS0yiq7sWkU1bIxifAkU+5EKFKmoNp2ee3DQPIvxIIuHj/wRamzaZHztMpGYjhRB+YPE9tCcGL8YOpjsMZCeifNMkhktOSC+8W9eO5C6KOl0WkoprfzopmMY04hAKcwV6iv5l1WC6fV02kKNtnnx47VKxygLIm3mU6Hfei5O8MmMfE5H+n0BBz6PPmqU3k0arK2JQQMBbyY6cuMKqGBMy+ZKxcVwOZv28XJnM/Tvw== \n\n# only cert auth via ssh (console access can still login)\nssh_pwauth: false\ndisable_root: false\nchpasswd:\n  list: |\n     ocpinstall:redhat\n  expire: False\npackages:\n    - qemu-guest-agent\n# every boot\nbootcmd:\n    - [ sh, -c, 'echo $(date) | sudo tee -a /root/bootcmd.log' ]\n# run once for setup\nruncmd:\n    - [ sh, -c, 'echo $(date) | sudo tee -a /root/runcmd.log' ]\n# written to /var/log/cloud-init-output.log\nfinal_message: \"The system is finall up, after $UPTIME seconds\"\n\n"
          },
          "private": "bnVsbA=="
        }
      ]
    },
    {
      "mode": "managed",
      "type": "libvirt_domain",
      "name": "infra-machine",
      "provider": "provider.libvirt",
      "instances": [
        {
          "schema_version": 0,
          "attributes": {
            "arch": "x86_64",
            "autostart": false,
            "boot_device": [],
            "cloudinit": "/var/lib/libvirt/images/loadbalancer-commoninit-192.168.100.5.iso;5e83af63-d5be-ce95-9e4f-e247d8eb81eb",
            "cmdline": null,
            "console": [
              {
                "source_host": "127.0.0.1",
                "source_path": "",
                "source_service": "0",
                "target_port": "0",
                "target_type": "serial",
                "type": "pty"
              }
            ],
            "coreos_ignition": null,
            "cpu": null,
            "description": "",
            "disk": [
              {
                "block_device": "",
                "file": "",
                "scsi": false,
                "url": "",
                "volume_id": "/var/lib/libvirt/images/loadbalancer-os_image",
                "wwn": ""
              }
            ],
            "emulator": "/usr/libexec/qemu-kvm",
            "filesystem": [],
            "firmware": "",
            "fw_cfg_name": "opt/com.coreos/config",
            "graphics": [
              {
                "autoport": true,
                "listen_address": "127.0.0.1",
                "listen_type": "address",
                "type": "spice"
              }
            ],
            "id": "f23b90d6-91c5-4a22-ae36-60bb4010fb2f",
            "initrd": "",
            "kernel": "",
            "machine": "pc",
            "memory": 2048,
            "metadata": null,
            "name": "loadbalancer-192.168.100.5",
            "network_interface": [
              {
                "addresses": [],
                "bridge": "",
                "hostname": "",
                "mac": "52:54:00:26:9B:EB",
                "macvtap": "",
                "network_id": "e953162a-8418-4402-b6dd-e2553b46c4f9",
                "network_name": "ocp_auto",
                "passthrough": "",
                "vepa": "",
                "wait_for_lease": false
              }
            ],
            "nvram": [],
            "qemu_agent": false,
            "running": true,
            "timeouts": null,
            "vcpu": 2,
            "video": [],
            "xml": []
          },
          "private": "eyJlMmJmYjczMC1lY2FhLTExZTYtOGY4OC0zNDM2M2JjN2M0YzAiOnsiY3JlYXRlIjozMDAwMDAwMDAwMDB9fQ==",
          "dependencies": [
            "libvirt_cloudinit_disk.commoninit",
            "libvirt_volume.os_image"
          ]
        }
      ]
    },
    {
      "mode": "managed",
      "type": "libvirt_volume",
      "name": "os_image",
      "provider": "provider.libvirt",
      "instances": [
        {
          "schema_version": 0,
          "attributes": {
            "base_volume_id": null,
            "base_volume_name": null,
            "base_volume_pool": null,
            "format": "qcow2",
            "id": "/var/lib/libvirt/images/loadbalancer-os_image",
            "name": "loadbalancer-os_image",
            "pool": "default",
            "size": 10737418240,
            "source": "https://cloud.centos.org/centos/8/x86_64/images/CentOS-8-GenericCloud-8.1.1911-20200113.3.x86_64.qcow2",
            "xml": []
          },
          "private": "bnVsbA=="
        }
      ]
    }
  ]
}
